
Microsoft Visual Studio Solution File, Format Version 12.00
# Visual Studio 15
VisualStudioVersion = 15.0.27703.2035
MinimumVisualStudioVersion = 10.0.40219.1
Project("{FAE04EC0-301F-11D3-BF4B-00C04F79EFBC}") = "PPE - Gestion de formations", "PPE - Gestion de formations\PPE - Gestion de formations.csproj", "{8E1E42F1-9F19-4C23-BCA3-8B9EAE5CCE8E}"
EndProject
Global
	GlobalSection(SolutionConfigurationPlatforms) = preSolution
		Debug|Any CPU = Debug|Any CPU
		Release|Any CPU = Release|Any CPU
	EndGlobalSection
	GlobalSection(ProjectConfigurationPlatforms) = postSolution
		{8E1E42F1-9F19-4C23-BCA3-8B9EAE5CCE8E}.Debug|Any CPU.ActiveCfg = Debug|Any CPU
		{8E1E42F1-9F19-4C23-BCA3-8B9EAE5CCE8E}.Debug|Any CPU.Build.0 = Debug|Any CPU
		{8E1E42F1-9F19-4C23-BCA3-8B9EAE5CCE8E}.Release|Any CPU.ActiveCfg = Release|Any CPU
		{8E1E42F1-9F19-4C23-BCA3-8B9EAE5CCE8E}.Release|Any CPU.Build.0 = Release|Any CPU
	EndGlobalSection
	GlobalSection(SolutionProperties) = preSolution
		HideSolutionNode = FALSE
	EndGlobalSection
	GlobalSection(ExtensibilityGlobals) = postSolution
		SolutionGuid = {47B2C42B-C4F0-4AD5-AEA2-15F055C5A791}
	EndGlobalSection
EndGlobal
